
Microsoft Visual Studio Solution File, Format Version 12.00
# Visual Studio Version 17
VisualStudioVersion = 17.11.35312.102
MinimumVisualStudioVersion = 10.0.40219.1
Project("{8BC9CEB8-8B4A-11D0-8D11-00A0C91BC942}") = "objektinis-1uzduotis", "objektinis-1uzduotis.vcxproj", "{E26211DE-CBC9-450E-8741-C4FB30BFC085}"
EndProject
Global
	GlobalSection(SolutionConfigurationPlatforms) = preSolution
		Debug|x64 = Debug|x64
		Debug|x86 = Debug|x86
		Release|x64 = Release|x64
		Release|x86 = Release|x86
	EndGlobalSection
	GlobalSection(ProjectConfigurationPlatforms) = postSolution
		{E26211DE-CBC9-450E-8741-C4FB30BFC085}.Debug|x64.ActiveCfg = Debug|x64
		{E26211DE-CBC9-450E-8741-C4FB30BFC085}.Debug|x64.Build.0 = Debug|x64
		{E26211DE-CBC9-450E-8741-C4FB30BFC085}.Debug|x86.ActiveCfg = Debug|Win32
		{E26211DE-CBC9-450E-8741-C4FB30BFC085}.Debug|x86.Build.0 = Debug|Win32
		{E26211DE-CBC9-450E-8741-C4FB30BFC085}.Release|x64.ActiveCfg = Release|x64
		{E26211DE-CBC9-450E-8741-C4FB30BFC085}.Release|x64.Build.0 = Release|x64
		{E26211DE-CBC9-450E-8741-C4FB30BFC085}.Release|x86.ActiveCfg = Release|Win32
		{E26211DE-CBC9-450E-8741-C4FB30BFC085}.Release|x86.Build.0 = Release|Win32
	EndGlobalSection
	GlobalSection(SolutionProperties) = preSolution
		HideSolutionNode = FALSE
	EndGlobalSection
	GlobalSection(ExtensibilityGlobals) = postSolution
		SolutionGuid = {EE89139A-8ACB-4B1C-963D-5BAD477B2A2C}
	EndGlobalSection
EndGlobal
